
Microsoft Visual Studio Solution File, Format Version 12.00
# Visual Studio Version 17
VisualStudioVersion = 17.5.33502.453
MinimumVisualStudioVersion = 10.0.40219.1
Project("{9A19103F-16F7-4668-BE54-9A1E7A4F7556}") = "VSGBulgariaMarketplace.API", "VSGBulgariaMarketplace.API.csproj", "{5B61E255-0EC0-4F07-A396-473678C41192}"
EndProject
Project("{9A19103F-16F7-4668-BE54-9A1E7A4F7556}") = "VSGBulgariaMarketplace.Persistence", "..\..\Infrastructure\VSGBulgariaMarketplace.Persistence\VSGBulgariaMarketplace.Persistence.csproj", "{B5F1D0CC-BBC5-43CE-BB3B-618F206DAACD}"
EndProject
Project("{FAE04EC0-301F-11D3-BF4B-00C04F79EFBC}") = "VSGBulgariaMarketplace.Domain", "..\..\Core\VSGBulgariaMarketplace.Domain\VSGBulgariaMarketplace.Domain.csproj", "{5B7DF13F-357D-4559-A2E4-116823908125}"
EndProject
Global
	GlobalSection(SolutionConfigurationPlatforms) = preSolution
		Debug|Any CPU = Debug|Any CPU
		Release|Any CPU = Release|Any CPU
	EndGlobalSection
	GlobalSection(ProjectConfigurationPlatforms) = postSolution
		{5B61E255-0EC0-4F07-A396-473678C41192}.Debug|Any CPU.ActiveCfg = Debug|Any CPU
		{5B61E255-0EC0-4F07-A396-473678C41192}.Debug|Any CPU.Build.0 = Debug|Any CPU
		{5B61E255-0EC0-4F07-A396-473678C41192}.Release|Any CPU.ActiveCfg = Release|Any CPU
		{5B61E255-0EC0-4F07-A396-473678C41192}.Release|Any CPU.Build.0 = Release|Any CPU
		{B5F1D0CC-BBC5-43CE-BB3B-618F206DAACD}.Debug|Any CPU.ActiveCfg = Debug|Any CPU
		{B5F1D0CC-BBC5-43CE-BB3B-618F206DAACD}.Debug|Any CPU.Build.0 = Debug|Any CPU
		{B5F1D0CC-BBC5-43CE-BB3B-618F206DAACD}.Release|Any CPU.ActiveCfg = Release|Any CPU
		{B5F1D0CC-BBC5-43CE-BB3B-618F206DAACD}.Release|Any CPU.Build.0 = Release|Any CPU
		{5B7DF13F-357D-4559-A2E4-116823908125}.Debug|Any CPU.ActiveCfg = Debug|Any CPU
		{5B7DF13F-357D-4559-A2E4-116823908125}.Debug|Any CPU.Build.0 = Debug|Any CPU
		{5B7DF13F-357D-4559-A2E4-116823908125}.Release|Any CPU.ActiveCfg = Release|Any CPU
		{5B7DF13F-357D-4559-A2E4-116823908125}.Release|Any CPU.Build.0 = Release|Any CPU
	EndGlobalSection
	GlobalSection(SolutionProperties) = preSolution
		HideSolutionNode = FALSE
	EndGlobalSection
	GlobalSection(ExtensibilityGlobals) = postSolution
		SolutionGuid = {D5F35A7B-4414-4D12-BBFC-2006D6F61260}
	EndGlobalSection
EndGlobal
